
Microsoft Visual Studio Solution File, Format Version 12.00
# Visual Studio Version 17
VisualStudioVersion = 17.5.002.0
MinimumVisualStudioVersion = 10.0.40219.1
Project("{9A19103F-16F7-4668-BE54-9A1E7A4F7556}") = "inicio", "inicio.csproj", "{F437AFBA-5C73-4598-8857-92432C171B26}"
EndProject
Global
	GlobalSection(SolutionConfigurationPlatforms) = preSolution
		Debug|Any CPU = Debug|Any CPU
		Release|Any CPU = Release|Any CPU
	EndGlobalSection
	GlobalSection(ProjectConfigurationPlatforms) = postSolution
		{F437AFBA-5C73-4598-8857-92432C171B26}.Debug|Any CPU.ActiveCfg = Debug|Any CPU
		{F437AFBA-5C73-4598-8857-92432C171B26}.Debug|Any CPU.Build.0 = Debug|Any CPU
		{F437AFBA-5C73-4598-8857-92432C171B26}.Release|Any CPU.ActiveCfg = Release|Any CPU
		{F437AFBA-5C73-4598-8857-92432C171B26}.Release|Any CPU.Build.0 = Release|Any CPU
	EndGlobalSection
	GlobalSection(SolutionProperties) = preSolution
		HideSolutionNode = FALSE
	EndGlobalSection
	GlobalSection(ExtensibilityGlobals) = postSolution
		SolutionGuid = {0F9B39A3-7862-4D9C-A255-37DCDFA6CA84}
	EndGlobalSection
EndGlobal
